# THIS IS AN AUTOGENERATED FILE. DO NOT EDIT THIS FILE DIRECTLY.
# yarn lockfile v1


"@seatsio/seatsio-types@6.16.0":
  version "6.16.0"
  resolved "https://registry.yarnpkg.com/@seatsio/seatsio-types/-/seatsio-types-6.16.0.tgz#6233b7aa794e8cd890399b54894eb4ee162aea91"
  integrity sha512-8xOgaJgBSYR17jRz9JXZo147hO2+XqWIMpwOy+7e7s/VF8QPQZPVX9MADGvjCD58mUmtG3KEKABNX3t6IaOBqg==
