# THIS IS AN AUTOGENERATED FILE. DO NOT EDIT THIS FILE DIRECTLY.
# yarn lockfile v1


"@seatsio/seatsio-types@6.27.0":
  version "6.27.0"
  resolved "https://registry.yarnpkg.com/@seatsio/seatsio-types/-/seatsio-types-6.27.0.tgz#ea1e353f2e4dec3bc9ef66605179e03c52baeeaf"
  integrity sha512-nrndtmd/t3gdjGIVDzoq5Z79U3U6wl+KbvIc4QxggtMIgi2FLYnTMH3LsxZXLAG3oWSQsvuIlzwqbF+uwsHX8A==
