# THIS IS AN AUTOGENERATED FILE. DO NOT EDIT THIS FILE DIRECTLY.
# yarn lockfile v1


"@seatsio/seatsio-types@6.15.0":
  version "6.15.0"
  resolved "https://registry.yarnpkg.com/@seatsio/seatsio-types/-/seatsio-types-6.15.0.tgz#250f6caca77222cc1401f3648878df4d97edd6ac"
  integrity sha512-jLNikvDTTswSkkc7E9+uyZ1dq03UurkhBTM6SR4e1arwdfdsC8jcEJmnspTBmQBALWrMFhcxBf5aIzrK7+8kkw==
